
Microsoft Visual Studio Solution File, Format Version 12.00
# Visual Studio 15
VisualStudioVersion = 15.0.28307.489
MinimumVisualStudioVersion = 10.0.40219.1
Project("{FAE04EC0-301F-11D3-BF4B-00C04F79EFBC}") = "MVC", "MVC\MVC.csproj", "{1D824069-9128-4A1D-88C6-B61E8AB27690}"
EndProject
Project("{FAE04EC0-301F-11D3-BF4B-00C04F79EFBC}") = "APIparcial", "APIparcial\APIparcial.csproj", "{7B372465-0DCB-42BD-9DD8-81CE809F54A0}"
EndProject
Global
	GlobalSection(SolutionConfigurationPlatforms) = preSolution
		Debug|Any CPU = Debug|Any CPU
		Release|Any CPU = Release|Any CPU
	EndGlobalSection
	GlobalSection(ProjectConfigurationPlatforms) = postSolution
		{1D824069-9128-4A1D-88C6-B61E8AB27690}.Debug|Any CPU.ActiveCfg = Debug|Any CPU
		{1D824069-9128-4A1D-88C6-B61E8AB27690}.Debug|Any CPU.Build.0 = Debug|Any CPU
		{1D824069-9128-4A1D-88C6-B61E8AB27690}.Release|Any CPU.ActiveCfg = Release|Any CPU
		{1D824069-9128-4A1D-88C6-B61E8AB27690}.Release|Any CPU.Build.0 = Release|Any CPU
		{7B372465-0DCB-42BD-9DD8-81CE809F54A0}.Debug|Any CPU.ActiveCfg = Debug|Any CPU
		{7B372465-0DCB-42BD-9DD8-81CE809F54A0}.Debug|Any CPU.Build.0 = Debug|Any CPU
		{7B372465-0DCB-42BD-9DD8-81CE809F54A0}.Release|Any CPU.ActiveCfg = Release|Any CPU
		{7B372465-0DCB-42BD-9DD8-81CE809F54A0}.Release|Any CPU.Build.0 = Release|Any CPU
	EndGlobalSection
	GlobalSection(SolutionProperties) = preSolution
		HideSolutionNode = FALSE
	EndGlobalSection
	GlobalSection(ExtensibilityGlobals) = postSolution
		SolutionGuid = {3D882F25-8A00-4731-BA0E-EC26D611D6D8}
	EndGlobalSection
EndGlobal
